
Microsoft Visual Studio Solution File, Format Version 12.00
# Visual Studio Version 17
VisualStudioVersion = 17.3.32929.385
MinimumVisualStudioVersion = 10.0.40219.1
Project("{FAE04EC0-301F-11D3-BF4B-00C04F79EFBC}") = "WSTxDoc", "WSTxDoc.csproj", "{78044F7A-8C83-497C-B834-91EED803F112}"
EndProject
Global
	GlobalSection(SolutionConfigurationPlatforms) = preSolution
		Debug|Any CPU = Debug|Any CPU
		Release|Any CPU = Release|Any CPU
	EndGlobalSection
	GlobalSection(ProjectConfigurationPlatforms) = postSolution
		{78044F7A-8C83-497C-B834-91EED803F112}.Debug|Any CPU.ActiveCfg = Debug|Any CPU
		{78044F7A-8C83-497C-B834-91EED803F112}.Debug|Any CPU.Build.0 = Debug|Any CPU
		{78044F7A-8C83-497C-B834-91EED803F112}.Release|Any CPU.ActiveCfg = Release|Any CPU
		{78044F7A-8C83-497C-B834-91EED803F112}.Release|Any CPU.Build.0 = Release|Any CPU
	EndGlobalSection
	GlobalSection(SolutionProperties) = preSolution
		HideSolutionNode = FALSE
	EndGlobalSection
	GlobalSection(ExtensibilityGlobals) = postSolution
		SolutionGuid = {4A913CEC-A191-4092-9FC2-57990A11AC64}
	EndGlobalSection
EndGlobal
